
Microsoft Visual Studio Solution File, Format Version 11.00
# Visual Studio 2010
Project("{FAE04EC0-301F-11D3-BF4B-00C04F79EFBC}") = "QuickRebaser", "QuickRebaser\QuickRebaser.csproj", "{F9BD57E0-C7E6-4DED-8525-38287826280D}"
EndProject
Project("{FAE04EC0-301F-11D3-BF4B-00C04F79EFBC}") = "QuickRebaser.Tests", "QuickRebaser.Tests\QuickRebaser.Tests.csproj", "{6EB34A9E-219B-4115-8864-4E8E1D6C8FB6}"
EndProject
Project("{FAE04EC0-301F-11D3-BF4B-00C04F79EFBC}") = "QuickRebaser.App", "QuickRebaser.App\QuickRebaser.App.csproj", "{C6D0DD23-0500-423C-8C23-AAF5C386A3D0}"
EndProject
Global
	GlobalSection(SolutionConfigurationPlatforms) = preSolution
		Debug|Any CPU = Debug|Any CPU
		Debug|Mixed Platforms = Debug|Mixed Platforms
		Debug|x86 = Debug|x86
		Release|Any CPU = Release|Any CPU
		Release|Mixed Platforms = Release|Mixed Platforms
		Release|x86 = Release|x86
	EndGlobalSection
	GlobalSection(ProjectConfigurationPlatforms) = postSolution
		{F9BD57E0-C7E6-4DED-8525-38287826280D}.Debug|Any CPU.ActiveCfg = Debug|Any CPU
		{F9BD57E0-C7E6-4DED-8525-38287826280D}.Debug|Any CPU.Build.0 = Debug|Any CPU
		{F9BD57E0-C7E6-4DED-8525-38287826280D}.Debug|Mixed Platforms.ActiveCfg = Debug|Any CPU
		{F9BD57E0-C7E6-4DED-8525-38287826280D}.Debug|Mixed Platforms.Build.0 = Debug|Any CPU
		{F9BD57E0-C7E6-4DED-8525-38287826280D}.Debug|x86.ActiveCfg = Debug|Any CPU
		{F9BD57E0-C7E6-4DED-8525-38287826280D}.Release|Any CPU.ActiveCfg = Release|Any CPU
		{F9BD57E0-C7E6-4DED-8525-38287826280D}.Release|Any CPU.Build.0 = Release|Any CPU
		{F9BD57E0-C7E6-4DED-8525-38287826280D}.Release|Mixed Platforms.ActiveCfg = Release|Any CPU
		{F9BD57E0-C7E6-4DED-8525-38287826280D}.Release|Mixed Platforms.Build.0 = Release|Any CPU
		{F9BD57E0-C7E6-4DED-8525-38287826280D}.Release|x86.ActiveCfg = Release|Any CPU
		{6EB34A9E-219B-4115-8864-4E8E1D6C8FB6}.Debug|Any CPU.ActiveCfg = Debug|Any CPU
		{6EB34A9E-219B-4115-8864-4E8E1D6C8FB6}.Debug|Any CPU.Build.0 = Debug|Any CPU
		{6EB34A9E-219B-4115-8864-4E8E1D6C8FB6}.Debug|Mixed Platforms.ActiveCfg = Debug|Any CPU
		{6EB34A9E-219B-4115-8864-4E8E1D6C8FB6}.Debug|Mixed Platforms.Build.0 = Debug|Any CPU
		{6EB34A9E-219B-4115-8864-4E8E1D6C8FB6}.Debug|x86.ActiveCfg = Debug|Any CPU
		{6EB34A9E-219B-4115-8864-4E8E1D6C8FB6}.Release|Any CPU.ActiveCfg = Release|Any CPU
		{6EB34A9E-219B-4115-8864-4E8E1D6C8FB6}.Release|Any CPU.Build.0 = Release|Any CPU
		{6EB34A9E-219B-4115-8864-4E8E1D6C8FB6}.Release|Mixed Platforms.ActiveCfg = Release|Any CPU
		{6EB34A9E-219B-4115-8864-4E8E1D6C8FB6}.Release|Mixed Platforms.Build.0 = Release|Any CPU
		{6EB34A9E-219B-4115-8864-4E8E1D6C8FB6}.Release|x86.ActiveCfg = Release|Any CPU
		{C6D0DD23-0500-423C-8C23-AAF5C386A3D0}.Debug|Any CPU.ActiveCfg = Debug|x86
		{C6D0DD23-0500-423C-8C23-AAF5C386A3D0}.Debug|Mixed Platforms.ActiveCfg = Debug|x86
		{C6D0DD23-0500-423C-8C23-AAF5C386A3D0}.Debug|Mixed Platforms.Build.0 = Debug|x86
		{C6D0DD23-0500-423C-8C23-AAF5C386A3D0}.Debug|x86.ActiveCfg = Debug|x86
		{C6D0DD23-0500-423C-8C23-AAF5C386A3D0}.Debug|x86.Build.0 = Debug|x86
		{C6D0DD23-0500-423C-8C23-AAF5C386A3D0}.Release|Any CPU.ActiveCfg = Release|x86
		{C6D0DD23-0500-423C-8C23-AAF5C386A3D0}.Release|Mixed Platforms.ActiveCfg = Release|x86
		{C6D0DD23-0500-423C-8C23-AAF5C386A3D0}.Release|Mixed Platforms.Build.0 = Release|x86
		{C6D0DD23-0500-423C-8C23-AAF5C386A3D0}.Release|x86.ActiveCfg = Release|x86
		{C6D0DD23-0500-423C-8C23-AAF5C386A3D0}.Release|x86.Build.0 = Release|x86
	EndGlobalSection
	GlobalSection(SolutionProperties) = preSolution
		HideSolutionNode = FALSE
	EndGlobalSection
EndGlobal
